// !$*UTF8*$!
{
	archiveVersion = 1;
	classes = {
	};
	objectVersion = 77;
	objects = {

/* Begin PBXBuildFile section */
		83257B192D8D1DDC00C84C3D /* .gitignore in Resources */ = {isa = PBXBuildFile; fileRef = 83257B182D8D1DDC00C84C3D /* .gitignore */; };
		83257B1B2D8D1DFD00C84C3D /* README.md in Resources */ = {isa = PBXBuildFile; fileRef = 83257B1A2D8D1DFD00C84C3D /* README.md */; };
		83257B2B2D8D22EA00C84C3D /* Alamofire in Frameworks */ = {isa = PBXBuildFile; productRef = 83257B2A2D8D22EA00C84C3D /* Alamofire */; };
		83257B2E2D8D22F200C84C3D /* Kingfisher in Frameworks */ = {isa = PBXBuildFile; productRef = 83257B2D2D8D22F200C84C3D /* Kingfisher */; };
		83257B312D8D22FD00C84C3D /* SnapKit in Frameworks */ = {isa = PBXBuildFile; productRef = 83257B302D8D22FD00C84C3D /* SnapKit */; };
		83257B342D8D230C00C84C3D /* RxCocoa in Frameworks */ = {isa = PBXBuildFile; productRef = 83257B332D8D230C00C84C3D /* RxCocoa */; };
		83257B362D8D230C00C84C3D /* RxSwift in Frameworks */ = {isa = PBXBuildFile; productRef = 83257B352D8D230C00C84C3D /* RxSwift */; };
		83257B392D8D235D00C84C3D /* RealmSwift in Frameworks */ = {isa = PBXBuildFile; productRef = 83257B382D8D235D00C84C3D /* RealmSwift */; };
		CEB341DC2D8D47FF00279017 /* RxDataSources in Frameworks */ = {isa = PBXBuildFile; productRef = CEB341DB2D8D47FF00279017 /* RxDataSources */; };
/* End PBXBuildFile section */

/* Begin PBXFileReference section */
		83257AE02D8D1C0000C84C3D /* Todorama.app */ = {isa = PBXFileReference; explicitFileType = wrapper.application; includeInIndex = 0; path = Todorama.app; sourceTree = BUILT_PRODUCTS_DIR; };
		83257B182D8D1DDC00C84C3D /* .gitignore */ = {isa = PBXFileReference; lastKnownFileType = text; path = .gitignore; sourceTree = "<group>"; };
		83257B1A2D8D1DFD00C84C3D /* README.md */ = {isa = PBXFileReference; lastKnownFileType = net.daringfireball.markdown; path = README.md; sourceTree = "<group>"; };
/* End PBXFileReference section */

/* Begin PBXFileSystemSynchronizedBuildFileExceptionSet section */
		83257AF22D8D1C0100C84C3D /* Exceptions for "Todorama" folder in "Todorama" target */ = {
			isa = PBXFileSystemSynchronizedBuildFileExceptionSet;
			membershipExceptions = (
				Application/Info.plist,
			);
			target = 83257ADF2D8D1C0000C84C3D /* Todorama */;
		};
/* End PBXFileSystemSynchronizedBuildFileExceptionSet section */

/* Begin PBXFileSystemSynchronizedRootGroup section */
		83257AE22D8D1C0000C84C3D /* Todorama */ = {
			isa = PBXFileSystemSynchronizedRootGroup;
			exceptions = (
				83257AF22D8D1C0100C84C3D /* Exceptions for "Todorama" folder in "Todorama" target */,
			);
			path = Todorama;
			sourceTree = "<group>";
		};
/* End PBXFileSystemSynchronizedRootGroup section */

/* Begin PBXFrameworksBuildPhase section */
		83257ADD2D8D1C0000C84C3D /* Frameworks */ = {
			isa = PBXFrameworksBuildPhase;
			buildActionMask = 2147483647;
			files = (
				83257B392D8D235D00C84C3D /* RealmSwift in Frameworks */,
				83257B312D8D22FD00C84C3D /* SnapKit in Frameworks */,
				83257B2E2D8D22F200C84C3D /* Kingfisher in Frameworks */,
				83257B362D8D230C00C84C3D /* RxSwift in Frameworks */,
				CEB341DC2D8D47FF00279017 /* RxDataSources in Frameworks */,
				83257B342D8D230C00C84C3D /* RxCocoa in Frameworks */,
				83257B2B2D8D22EA00C84C3D /* Alamofire in Frameworks */,
			);
			runOnlyForDeploymentPostprocessing = 0;
		};
/* End PBXFrameworksBuildPhase section */

/* Begin PBXGroup section */
		83257AD72D8D1C0000C84C3D = {
			isa = PBXGroup;
			children = (
				83257B1A2D8D1DFD00C84C3D /* README.md */,
				83257B182D8D1DDC00C84C3D /* .gitignore */,
				83257AE22D8D1C0000C84C3D /* Todorama */,
				83257AE12D8D1C0000C84C3D /* Products */,
			);
			sourceTree = "<group>";
		};
		83257AE12D8D1C0000C84C3D /* Products */ = {
			isa = PBXGroup;
			children = (
				83257AE02D8D1C0000C84C3D /* Todorama.app */,
			);
			name = Products;
			sourceTree = "<group>";
		};
/* End PBXGroup section */

/* Begin PBXNativeTarget section */
		83257ADF2D8D1C0000C84C3D /* Todorama */ = {
			isa = PBXNativeTarget;
			buildConfigurationList = 83257AF32D8D1C0100C84C3D /* Build configuration list for PBXNativeTarget "Todorama" */;
			buildPhases = (
				83257ADC2D8D1C0000C84C3D /* Sources */,
				83257ADD2D8D1C0000C84C3D /* Frameworks */,
				83257ADE2D8D1C0000C84C3D /* Resources */,
			);
			buildRules = (
			);
			dependencies = (
			);
			fileSystemSynchronizedGroups = (
				83257AE22D8D1C0000C84C3D /* Todorama */,
			);
			name = Todorama;
			packageProductDependencies = (
				83257B2A2D8D22EA00C84C3D /* Alamofire */,
				83257B2D2D8D22F200C84C3D /* Kingfisher */,
				83257B302D8D22FD00C84C3D /* SnapKit */,
				83257B332D8D230C00C84C3D /* RxCocoa */,
				83257B352D8D230C00C84C3D /* RxSwift */,
				83257B382D8D235D00C84C3D /* RealmSwift */,
				CEB341DB2D8D47FF00279017 /* RxDataSources */,
			);
			productName = Todorama;
			productReference = 83257AE02D8D1C0000C84C3D /* Todorama.app */;
			productType = "com.apple.product-type.application";
		};
/* End PBXNativeTarget section */

/* Begin PBXProject section */
		83257AD82D8D1C0000C84C3D /* Project object */ = {
			isa = PBXProject;
			attributes = {
				BuildIndependentTargetsInParallel = 1;
				LastSwiftUpdateCheck = 1600;
				LastUpgradeCheck = 1600;
				TargetAttributes = {
					83257ADF2D8D1C0000C84C3D = {
						CreatedOnToolsVersion = 16.0;
					};
				};
			};
			buildConfigurationList = 83257ADB2D8D1C0000C84C3D /* Build configuration list for PBXProject "Todorama" */;
			developmentRegion = en;
			hasScannedForEncodings = 0;
			knownRegions = (
				en,
				Base,
			);
			mainGroup = 83257AD72D8D1C0000C84C3D;
			minimizedProjectReferenceProxies = 1;
			packageReferences = (
				83257B292D8D22EA00C84C3D /* XCRemoteSwiftPackageReference "Alamofire" */,
				83257B2C2D8D22F200C84C3D /* XCRemoteSwiftPackageReference "Kingfisher" */,
				83257B2F2D8D22FD00C84C3D /* XCRemoteSwiftPackageReference "SnapKit" */,
				83257B322D8D230C00C84C3D /* XCRemoteSwiftPackageReference "RxSwift" */,
				83257B372D8D235D00C84C3D /* XCRemoteSwiftPackageReference "realm-swift" */,
				CEB341DA2D8D47FF00279017 /* XCRemoteSwiftPackageReference "RxDataSources" */,
			);
			preferredProjectObjectVersion = 77;
			productRefGroup = 83257AE12D8D1C0000C84C3D /* Products */;
			projectDirPath = "";
			projectRoot = "";
			targets = (
				83257ADF2D8D1C0000C84C3D /* Todorama */,
			);
		};
/* End PBXProject section */

/* Begin PBXResourcesBuildPhase section */
		83257ADE2D8D1C0000C84C3D /* Resources */ = {
			isa = PBXResourcesBuildPhase;
			buildActionMask = 2147483647;
			files = (
				83257B1B2D8D1DFD00C84C3D /* README.md in Resources */,
				83257B192D8D1DDC00C84C3D /* .gitignore in Resources */,
			);
			runOnlyForDeploymentPostprocessing = 0;
		};
/* End PBXResourcesBuildPhase section */

/* Begin PBXSourcesBuildPhase section */
		83257ADC2D8D1C0000C84C3D /* Sources */ = {
			isa = PBXSourcesBuildPhase;
			buildActionMask = 2147483647;
			files = (
			);
			runOnlyForDeploymentPostprocessing = 0;
		};
/* End PBXSourcesBuildPhase section */

/* Begin XCBuildConfiguration section */
		83257AF42D8D1C0100C84C3D /* Debug */ = {
			isa = XCBuildConfiguration;
			buildSettings = {
				ASSETCATALOG_COMPILER_APPICON_NAME = AppIcon;
				ASSETCATALOG_COMPILER_GLOBAL_ACCENT_COLOR_NAME = AccentColor;
				CODE_SIGN_STYLE = Automatic;
				CURRENT_PROJECT_VERSION = 1;
				DEVELOPMENT_TEAM = R56222NR37;
				GENERATE_INFOPLIST_FILE = YES;
				INFOPLIST_FILE = Todorama/Application/Info.plist;
				INFOPLIST_KEY_UIApplicationSupportsIndirectInputEvents = YES;
				INFOPLIST_KEY_UILaunchStoryboardName = LaunchScreen;
				INFOPLIST_KEY_UISupportedInterfaceOrientations = UIInterfaceOrientationPortrait;
				INFOPLIST_KEY_UISupportedInterfaceOrientations_iPad = UIInterfaceOrientationPortrait;
				IPHONEOS_DEPLOYMENT_TARGET = 16.0;
				LD_RUNPATH_SEARCH_PATHS = (
					"$(inherited)",
					"@executable_path/Frameworks",
				);
				MARKETING_VERSION = 1.0;
				PRODUCT_BUNDLE_IDENTIFIER = "com.claire-blue-park.Todorama";
				PRODUCT_NAME = "$(TARGET_NAME)";
				SUPPORTED_PLATFORMS = "iphoneos iphonesimulator";
				SUPPORTS_MACCATALYST = NO;
				SUPPORTS_MAC_DESIGNED_FOR_IPHONE_IPAD = NO;
				SUPPORTS_XR_DESIGNED_FOR_IPHONE_IPAD = NO;
				SWIFT_EMIT_LOC_STRINGS = YES;
				SWIFT_VERSION = 5.0;
				TARGETED_DEVICE_FAMILY = 1;
			};
			name = Debug;
		};
		83257AF52D8D1C0100C84C3D /* Release */ = {
			isa = XCBuildConfiguration;
			buildSettings = {
				ASSETCATALOG_COMPILER_APPICON_NAME = AppIcon;
				ASSETCATALOG_COMPILER_GLOBAL_ACCENT_COLOR_NAME = AccentColor;
				CODE_SIGN_STYLE = Automatic;
				CURRENT_PROJECT_VERSION = 1;
				DEVELOPMENT_TEAM = R56222NR37;
				GENERATE_INFOPLIST_FILE = YES;
				INFOPLIST_FILE = Todorama/Application/Info.plist;
				INFOPLIST_KEY_UIApplicationSupportsIndirectInputEvents = YES;
				INFOPLIST_KEY_UILaunchStoryboardName = LaunchScreen;
				INFOPLIST_KEY_UISupportedInterfaceOrientations = UIInterfaceOrientationPortrait;
				INFOPLIST_KEY_UISupportedInterfaceOrientations_iPad = UIInterfaceOrientationPortrait;
				IPHONEOS_DEPLOYMENT_TARGET = 16.0;
				LD_RUNPATH_SEARCH_PATHS = (
					"$(inherited)",
					"@executable_path/Frameworks",
				);
				MARKETING_VERSION = 1.0;
				PRODUCT_BUNDLE_IDENTIFIER = "com.claire-blue-park.Todorama";
				PRODUCT_NAME = "$(TARGET_NAME)";
				SUPPORTED_PLATFORMS = "iphoneos iphonesimulator";
				SUPPORTS_MACCATALYST = NO;
				SUPPORTS_MAC_DESIGNED_FOR_IPHONE_IPAD = NO;
				SUPPORTS_XR_DESIGNED_FOR_IPHONE_IPAD = NO;
				SWIFT_EMIT_LOC_STRINGS = YES;
				SWIFT_VERSION = 5.0;
				TARGETED_DEVICE_FAMILY = 1;
			};
			name = Release;
		};
		83257AF62D8D1C0100C84C3D /* Debug */ = {
			isa = XCBuildConfiguration;
			buildSettings = {
				ALWAYS_SEARCH_USER_PATHS = NO;
				ASSETCATALOG_COMPILER_GENERATE_SWIFT_ASSET_SYMBOL_EXTENSIONS = YES;
				CLANG_ANALYZER_NONNULL = YES;
				CLANG_ANALYZER_NUMBER_OBJECT_CONVERSION = YES_AGGRESSIVE;
				CLANG_CXX_LANGUAGE_STANDARD = "gnu++20";
				CLANG_ENABLE_MODULES = YES;
				CLANG_ENABLE_OBJC_ARC = YES;
				CLANG_ENABLE_OBJC_WEAK = YES;
				CLANG_WARN_BLOCK_CAPTURE_AUTORELEASING = YES;
				CLANG_WARN_BOOL_CONVERSION = YES;
				CLANG_WARN_COMMA = YES;
				CLANG_WARN_CONSTANT_CONVERSION = YES;
				CLANG_WARN_DEPRECATED_OBJC_IMPLEMENTATIONS = YES;
				CLANG_WARN_DIRECT_OBJC_ISA_USAGE = YES_ERROR;
				CLANG_WARN_DOCUMENTATION_COMMENTS = YES;
				CLANG_WARN_EMPTY_BODY = YES;
				CLANG_WARN_ENUM_CONVERSION = YES;
				CLANG_WARN_INFINITE_RECURSION = YES;
				CLANG_WARN_INT_CONVERSION = YES;
				CLANG_WARN_NON_LITERAL_NULL_CONVERSION = YES;
				CLANG_WARN_OBJC_IMPLICIT_RETAIN_SELF = YES;
				CLANG_WARN_OBJC_LITERAL_CONVERSION = YES;
				CLANG_WARN_OBJC_ROOT_CLASS = YES_ERROR;
				CLANG_WARN_QUOTED_INCLUDE_IN_FRAMEWORK_HEADER = YES;
				CLANG_WARN_RANGE_LOOP_ANALYSIS = YES;
				CLANG_WARN_STRICT_PROTOTYPES = YES;
				CLANG_WARN_SUSPICIOUS_MOVE = YES;
				CLANG_WARN_UNGUARDED_AVAILABILITY = YES_AGGRESSIVE;
				CLANG_WARN_UNREACHABLE_CODE = YES;
				CLANG_WARN__DUPLICATE_METHOD_MATCH = YES;
				COPY_PHASE_STRIP = NO;
				DEBUG_INFORMATION_FORMAT = dwarf;
				ENABLE_STRICT_OBJC_MSGSEND = YES;
				ENABLE_TESTABILITY = YES;
				ENABLE_USER_SCRIPT_SANDBOXING = YES;
				GCC_C_LANGUAGE_STANDARD = gnu17;
				GCC_DYNAMIC_NO_PIC = NO;
				GCC_NO_COMMON_BLOCKS = YES;
				GCC_OPTIMIZATION_LEVEL = 0;
				GCC_PREPROCESSOR_DEFINITIONS = (
					"DEBUG=1",
					"$(inherited)",
				);
				GCC_WARN_64_TO_32_BIT_CONVERSION = YES;
				GCC_WARN_ABOUT_RETURN_TYPE = YES_ERROR;
				GCC_WARN_UNDECLARED_SELECTOR = YES;
				GCC_WARN_UNINITIALIZED_AUTOS = YES_AGGRESSIVE;
				GCC_WARN_UNUSED_FUNCTION = YES;
				GCC_WARN_UNUSED_VARIABLE = YES;
				IPHONEOS_DEPLOYMENT_TARGET = 18.0;
				LOCALIZATION_PREFERS_STRING_CATALOGS = YES;
				MTL_ENABLE_DEBUG_INFO = INCLUDE_SOURCE;
				MTL_FAST_MATH = YES;
				ONLY_ACTIVE_ARCH = YES;
				SDKROOT = iphoneos;
				SWIFT_ACTIVE_COMPILATION_CONDITIONS = "DEBUG $(inherited)";
				SWIFT_OPTIMIZATION_LEVEL = "-Onone";
			};
			name = Debug;
		};
		83257AF72D8D1C0100C84C3D /* Release */ = {
			isa = XCBuildConfiguration;
			buildSettings = {
				ALWAYS_SEARCH_USER_PATHS = NO;
				ASSETCATALOG_COMPILER_GENERATE_SWIFT_ASSET_SYMBOL_EXTENSIONS = YES;
				CLANG_ANALYZER_NONNULL = YES;
				CLANG_ANALYZER_NUMBER_OBJECT_CONVERSION = YES_AGGRESSIVE;
				CLANG_CXX_LANGUAGE_STANDARD = "gnu++20";
				CLANG_ENABLE_MODULES = YES;
				CLANG_ENABLE_OBJC_ARC = YES;
				CLANG_ENABLE_OBJC_WEAK = YES;
				CLANG_WARN_BLOCK_CAPTURE_AUTORELEASING = YES;
				CLANG_WARN_BOOL_CONVERSION = YES;
				CLANG_WARN_COMMA = YES;
				CLANG_WARN_CONSTANT_CONVERSION = YES;
				CLANG_WARN_DEPRECATED_OBJC_IMPLEMENTATIONS = YES;
				CLANG_WARN_DIRECT_OBJC_ISA_USAGE = YES_ERROR;
				CLANG_WARN_DOCUMENTATION_COMMENTS = YES;
				CLANG_WARN_EMPTY_BODY = YES;
				CLANG_WARN_ENUM_CONVERSION = YES;
				CLANG_WARN_INFINITE_RECURSION = YES;
				CLANG_WARN_INT_CONVERSION = YES;
				CLANG_WARN_NON_LITERAL_NULL_CONVERSION = YES;
				CLANG_WARN_OBJC_IMPLICIT_RETAIN_SELF = YES;
				CLANG_WARN_OBJC_LITERAL_CONVERSION = YES;
				CLANG_WARN_OBJC_ROOT_CLASS = YES_ERROR;
				CLANG_WARN_QUOTED_INCLUDE_IN_FRAMEWORK_HEADER = YES;
				CLANG_WARN_RANGE_LOOP_ANALYSIS = YES;
				CLANG_WARN_STRICT_PROTOTYPES = YES;
				CLANG_WARN_SUSPICIOUS_MOVE = YES;
				CLANG_WARN_UNGUARDED_AVAILABILITY = YES_AGGRESSIVE;
				CLANG_WARN_UNREACHABLE_CODE = YES;
				CLANG_WARN__DUPLICATE_METHOD_MATCH = YES;
				COPY_PHASE_STRIP = NO;
				DEBUG_INFORMATION_FORMAT = "dwarf-with-dsym";
				ENABLE_NS_ASSERTIONS = NO;
				ENABLE_STRICT_OBJC_MSGSEND = YES;
				ENABLE_USER_SCRIPT_SANDBOXING = YES;
				GCC_C_LANGUAGE_STANDARD = gnu17;
				GCC_NO_COMMON_BLOCKS = YES;
				GCC_WARN_64_TO_32_BIT_CONVERSION = YES;
				GCC_WARN_ABOUT_RETURN_TYPE = YES_ERROR;
				GCC_WARN_UNDECLARED_SELECTOR = YES;
				GCC_WARN_UNINITIALIZED_AUTOS = YES_AGGRESSIVE;
				GCC_WARN_UNUSED_FUNCTION = YES;
				GCC_WARN_UNUSED_VARIABLE = YES;
				IPHONEOS_DEPLOYMENT_TARGET = 18.0;
				LOCALIZATION_PREFERS_STRING_CATALOGS = YES;
				MTL_ENABLE_DEBUG_INFO = NO;
				MTL_FAST_MATH = YES;
				SDKROOT = iphoneos;
				SWIFT_COMPILATION_MODE = wholemodule;
				VALIDATE_PRODUCT = YES;
			};
			name = Release;
		};
/* End XCBuildConfiguration section */

/* Begin XCConfigurationList section */
		83257ADB2D8D1C0000C84C3D /* Build configuration list for PBXProject "Todorama" */ = {
			isa = XCConfigurationList;
			buildConfigurations = (
				83257AF62D8D1C0100C84C3D /* Debug */,
				83257AF72D8D1C0100C84C3D /* Release */,
			);
			defaultConfigurationIsVisible = 0;
			defaultConfigurationName = Release;
		};
		83257AF32D8D1C0100C84C3D /* Build configuration list for PBXNativeTarget "Todorama" */ = {
			isa = XCConfigurationList;
			buildConfigurations = (
				83257AF42D8D1C0100C84C3D /* Debug */,
				83257AF52D8D1C0100C84C3D /* Release */,
			);
			defaultConfigurationIsVisible = 0;
			defaultConfigurationName = Release;
		};
/* End XCConfigurationList section */

/* Begin XCRemoteSwiftPackageReference section */
		83257B292D8D22EA00C84C3D /* XCRemoteSwiftPackageReference "Alamofire" */ = {
			isa = XCRemoteSwiftPackageReference;
			repositoryURL = "https://github.com/Alamofire/Alamofire";
			requirement = {
				kind = upToNextMajorVersion;
				minimumVersion = 5.10.2;
			};
		};
		83257B2C2D8D22F200C84C3D /* XCRemoteSwiftPackageReference "Kingfisher" */ = {
			isa = XCRemoteSwiftPackageReference;
			repositoryURL = "https://github.com/onevcat/Kingfisher.git";
			requirement = {
				kind = upToNextMajorVersion;
				minimumVersion = 8.3.1;
			};
		};
		83257B2F2D8D22FD00C84C3D /* XCRemoteSwiftPackageReference "SnapKit" */ = {
			isa = XCRemoteSwiftPackageReference;
			repositoryURL = "https://github.com/SnapKit/SnapKit.git";
			requirement = {
				kind = upToNextMajorVersion;
				minimumVersion = 5.7.1;
			};
		};
		83257B322D8D230C00C84C3D /* XCRemoteSwiftPackageReference "RxSwift" */ = {
			isa = XCRemoteSwiftPackageReference;
			repositoryURL = "https://github.com/ReactiveX/RxSwift.git";
			requirement = {
				kind = upToNextMajorVersion;
				minimumVersion = 6.9.0;
			};
		};
		83257B372D8D235D00C84C3D /* XCRemoteSwiftPackageReference "realm-swift" */ = {
			isa = XCRemoteSwiftPackageReference;
			repositoryURL = "https://github.com/realm/realm-swift.git";
			requirement = {
				kind = exactVersion;
				version = 20.0.1;
			};
		};
		CEB341DA2D8D47FF00279017 /* XCRemoteSwiftPackageReference "RxDataSources" */ = {
			isa = XCRemoteSwiftPackageReference;
			repositoryURL = "https://github.com/RxSwiftCommunity/RxDataSources.git";
			requirement = {
				kind = upToNextMajorVersion;
				minimumVersion = 5.0.2;
			};
		};
/* End XCRemoteSwiftPackageReference section */

/* Begin XCSwiftPackageProductDependency section */
		83257B2A2D8D22EA00C84C3D /* Alamofire */ = {
			isa = XCSwiftPackageProductDependency;
			package = 83257B292D8D22EA00C84C3D /* XCRemoteSwiftPackageReference "Alamofire" */;
			productName = Alamofire;
		};
		83257B2D2D8D22F200C84C3D /* Kingfisher */ = {
			isa = XCSwiftPackageProductDependency;
			package = 83257B2C2D8D22F200C84C3D /* XCRemoteSwiftPackageReference "Kingfisher" */;
			productName = Kingfisher;
		};
		83257B302D8D22FD00C84C3D /* SnapKit */ = {
			isa = XCSwiftPackageProductDependency;
			package = 83257B2F2D8D22FD00C84C3D /* XCRemoteSwiftPackageReference "SnapKit" */;
			productName = SnapKit;
		};
		83257B332D8D230C00C84C3D /* RxCocoa */ = {
			isa = XCSwiftPackageProductDependency;
			package = 83257B322D8D230C00C84C3D /* XCRemoteSwiftPackageReference "RxSwift" */;
			productName = RxCocoa;
		};
		83257B352D8D230C00C84C3D /* RxSwift */ = {
			isa = XCSwiftPackageProductDependency;
			package = 83257B322D8D230C00C84C3D /* XCRemoteSwiftPackageReference "RxSwift" */;
			productName = RxSwift;
		};
		83257B382D8D235D00C84C3D /* RealmSwift */ = {
			isa = XCSwiftPackageProductDependency;
			package = 83257B372D8D235D00C84C3D /* XCRemoteSwiftPackageReference "realm-swift" */;
			productName = RealmSwift;
		};
		CEB341DB2D8D47FF00279017 /* RxDataSources */ = {
			isa = XCSwiftPackageProductDependency;
			package = CEB341DA2D8D47FF00279017 /* XCRemoteSwiftPackageReference "RxDataSources" */;
			productName = RxDataSources;
		};
/* End XCSwiftPackageProductDependency section */
	};
	rootObject = 83257AD82D8D1C0000C84C3D /* Project object */;
}
